
Microsoft Visual Studio Solution File, Format Version 12.00
# Visual Studio 15
VisualStudioVersion = 15.0.28307.902
MinimumVisualStudioVersion = 10.0.40219.1
Project("{FAE04EC0-301F-11D3-BF4B-00C04F79EFBC}") = "SM2Tool", "SM2Tool\SM2Tool.csproj", "{3D83B8E7-A6E5-448B-A7F6-5241C07CCB64}"
EndProject
Global
	GlobalSection(SolutionConfigurationPlatforms) = preSolution
		Debug|Any CPU = Debug|Any CPU
		Release|Any CPU = Release|Any CPU
	EndGlobalSection
	GlobalSection(ProjectConfigurationPlatforms) = postSolution
		{3D83B8E7-A6E5-448B-A7F6-5241C07CCB64}.Debug|Any CPU.ActiveCfg = Debug|Any CPU
		{3D83B8E7-A6E5-448B-A7F6-5241C07CCB64}.Debug|Any CPU.Build.0 = Debug|Any CPU
		{3D83B8E7-A6E5-448B-A7F6-5241C07CCB64}.Release|Any CPU.ActiveCfg = Release|Any CPU
		{3D83B8E7-A6E5-448B-A7F6-5241C07CCB64}.Release|Any CPU.Build.0 = Release|Any CPU
	EndGlobalSection
	GlobalSection(SolutionProperties) = preSolution
		HideSolutionNode = FALSE
	EndGlobalSection
	GlobalSection(ExtensibilityGlobals) = postSolution
		SolutionGuid = {C2370777-EC8F-4CFC-BCE5-A941445F64D5}
	EndGlobalSection
EndGlobal
