
Microsoft Visual Studio Solution File, Format Version 12.00
# Visual Studio Version 16
VisualStudioVersion = 16.0.31702.278
MinimumVisualStudioVersion = 10.0.40219.1
Project("{FAE04EC0-301F-11D3-BF4B-00C04F79EFBC}") = "WhereFocus", "WhereFocus.csproj", "{4EE46BED-9E58-422D-BD44-8322EED837F7}"
EndProject
Global
	GlobalSection(SolutionConfigurationPlatforms) = preSolution
		Debug|Any CPU = Debug|Any CPU
		Release|Any CPU = Release|Any CPU
	EndGlobalSection
	GlobalSection(ProjectConfigurationPlatforms) = postSolution
		{4EE46BED-9E58-422D-BD44-8322EED837F7}.Debug|Any CPU.ActiveCfg = Debug|Any CPU
		{4EE46BED-9E58-422D-BD44-8322EED837F7}.Debug|Any CPU.Build.0 = Debug|Any CPU
		{4EE46BED-9E58-422D-BD44-8322EED837F7}.Release|Any CPU.ActiveCfg = Release|Any CPU
		{4EE46BED-9E58-422D-BD44-8322EED837F7}.Release|Any CPU.Build.0 = Release|Any CPU
	EndGlobalSection
	GlobalSection(SolutionProperties) = preSolution
		HideSolutionNode = FALSE
	EndGlobalSection
	GlobalSection(ExtensibilityGlobals) = postSolution
		SolutionGuid = {4EA862DF-8517-4166-841A-B1135772E421}
	EndGlobalSection
EndGlobal
